// !$*UTF8*$!
{
	archiveVersion = 1;
	classes = {
	};
	objectVersion = 51;
	objects = {

/* Begin PBXBuildFile section */
		184E359CD16985D403668897 /* Pods_Ne_Angime__Ne_Angime_UITests.framework in Frameworks */ = {isa = PBXBuildFile; fileRef = 22ACDC3173C71910B96C2F01 /* Pods_Ne_Angime__Ne_Angime_UITests.framework */; };
		2A079019245B50100D16AD61 /* Pods_Ne_Angime_.framework in Frameworks */ = {isa = PBXBuildFile; fileRef = FFCDB66AF8DB440C2C33093A /* Pods_Ne_Angime_.framework */; };
		46374A231AF0F9A343EFE6F0 /* Pods_Ne_Angime_Tests.framework in Frameworks */ = {isa = PBXBuildFile; fileRef = B396BD6E97E88CBF868504E8 /* Pods_Ne_Angime_Tests.framework */; };
		87131FD825D849B700FE342A /* UITextField+Extension.swift in Sources */ = {isa = PBXBuildFile; fileRef = 87131FD725D849B700FE342A /* UITextField+Extension.swift */; };
		8729774025E194DE00F0EC72 /* UserManager.swift in Sources */ = {isa = PBXBuildFile; fileRef = 8729773F25E194DE00F0EC72 /* UserManager.swift */; };
		8729774B25E1A13700F0EC72 /* CoreDataManager.swift in Sources */ = {isa = PBXBuildFile; fileRef = 8729774A25E1A13700F0EC72 /* CoreDataManager.swift */; };
		8729777225E1AAE500F0EC72 /* Conversation+CoreDataClass.swift in Sources */ = {isa = PBXBuildFile; fileRef = 8729776E25E1AAE500F0EC72 /* Conversation+CoreDataClass.swift */; };
		8729777325E1AAE500F0EC72 /* Conversation+CoreDataProperties.swift in Sources */ = {isa = PBXBuildFile; fileRef = 8729776F25E1AAE500F0EC72 /* Conversation+CoreDataProperties.swift */; };
		8729777425E1AAE500F0EC72 /* MessageCoreData+CoreDataClass.swift in Sources */ = {isa = PBXBuildFile; fileRef = 8729777025E1AAE500F0EC72 /* MessageCoreData+CoreDataClass.swift */; };
		8729777525E1AAE500F0EC72 /* MessageCoreData+CoreDataProperties.swift in Sources */ = {isa = PBXBuildFile; fileRef = 8729777125E1AAE500F0EC72 /* MessageCoreData+CoreDataProperties.swift */; };
		8729777A25E24B1B00F0EC72 /* Notification+Extensions.swift in Sources */ = {isa = PBXBuildFile; fileRef = 8729777925E24B1B00F0EC72 /* Notification+Extensions.swift */; };
		8729777F25E258F100F0EC72 /* WebSocket.swift in Sources */ = {isa = PBXBuildFile; fileRef = 8729777E25E258F100F0EC72 /* WebSocket.swift */; };
		873CE19825D7A85E0007E066 /* AppDelegate.swift in Sources */ = {isa = PBXBuildFile; fileRef = 873CE19725D7A85E0007E066 /* AppDelegate.swift */; };
		873CE19A25D7A85E0007E066 /* SceneDelegate.swift in Sources */ = {isa = PBXBuildFile; fileRef = 873CE19925D7A85E0007E066 /* SceneDelegate.swift */; };
		873CE19C25D7A85E0007E066 /* TabBarController.swift in Sources */ = {isa = PBXBuildFile; fileRef = 873CE19B25D7A85E0007E066 /* TabBarController.swift */; };
		873CE19F25D7A85E0007E066 /* Main.storyboard in Resources */ = {isa = PBXBuildFile; fileRef = 873CE19D25D7A85E0007E066 /* Main.storyboard */; };
		873CE1A125D7A85F0007E066 /* Assets.xcassets in Resources */ = {isa = PBXBuildFile; fileRef = 873CE1A025D7A85F0007E066 /* Assets.xcassets */; };
		873CE1A425D7A85F0007E066 /* LaunchScreen.storyboard in Resources */ = {isa = PBXBuildFile; fileRef = 873CE1A225D7A85F0007E066 /* LaunchScreen.storyboard */; };
		873CE1AF25D7A85F0007E066 /* Ne_Angime_Tests.swift in Sources */ = {isa = PBXBuildFile; fileRef = 873CE1AE25D7A85F0007E066 /* Ne_Angime_Tests.swift */; };
		873CE1BA25D7A85F0007E066 /* Ne_Angime_UITests.swift in Sources */ = {isa = PBXBuildFile; fileRef = 873CE1B925D7A85F0007E066 /* Ne_Angime_UITests.swift */; };
		877F994025DA89C7009761A3 /* User.swift in Sources */ = {isa = PBXBuildFile; fileRef = 877F993F25DA89C7009761A3 /* User.swift */; };
		879A7F1825D7BFBD00C70171 /* ConversationsCollectionViewCell.swift in Sources */ = {isa = PBXBuildFile; fileRef = 879A7F1725D7BFBD00C70171 /* ConversationsCollectionViewCell.swift */; };
		879A7F1E25D7CB0E00C70171 /* UIColor+Extensions.swift in Sources */ = {isa = PBXBuildFile; fileRef = 879A7F1D25D7CB0E00C70171 /* UIColor+Extensions.swift */; };
		879A7F2625D7DD5500C70171 /* FriendsViewController.swift in Sources */ = {isa = PBXBuildFile; fileRef = 879A7F2525D7DD5500C70171 /* FriendsViewController.swift */; };
		879A7F2E25D7EC3400C70171 /* FriendsViewModel.swift in Sources */ = {isa = PBXBuildFile; fileRef = 879A7F2D25D7EC3400C70171 /* FriendsViewModel.swift */; };
		879A7F3425D7ECCB00C70171 /* FriendsCollectionViewCell.swift in Sources */ = {isa = PBXBuildFile; fileRef = 879A7F3325D7ECCB00C70171 /* FriendsCollectionViewCell.swift */; };
		879A7F4525D7EF7E00C70171 /* FindViewController.swift in Sources */ = {isa = PBXBuildFile; fileRef = 879A7F4425D7EF7E00C70171 /* FindViewController.swift */; };
		879A7F5125D82B2E00C70171 /* SignInViewController.swift in Sources */ = {isa = PBXBuildFile; fileRef = 879A7F5025D82B2E00C70171 /* SignInViewController.swift */; };
		879A7F5625D82CDE00C70171 /* SignInViewModel.swift in Sources */ = {isa = PBXBuildFile; fileRef = 879A7F5525D82CDE00C70171 /* SignInViewModel.swift */; };
		879BF3E825DEF012006B40A2 /* Model.xcdatamodeld in Sources */ = {isa = PBXBuildFile; fileRef = 879BF3E625DEF012006B40A2 /* Model.xcdatamodeld */; };
		87DC193025D7B0FD00C67EB4 /* ConversationsViewController.swift in Sources */ = {isa = PBXBuildFile; fileRef = 87DC192F25D7B0FD00C67EB4 /* ConversationsViewController.swift */; };
		87DC194425D7B4CC00C67EB4 /* ConversationsViewModel.swift in Sources */ = {isa = PBXBuildFile; fileRef = 87DC194325D7B4CC00C67EB4 /* ConversationsViewModel.swift */; };
		87EA164925DD303200F2F9F5 /* ChatViewController.swift in Sources */ = {isa = PBXBuildFile; fileRef = 87EA164825DD303200F2F9F5 /* ChatViewController.swift */; };
		87EA165025DD38AC00F2F9F5 /* ChatViewModel.swift in Sources */ = {isa = PBXBuildFile; fileRef = 87EA164F25DD38AC00F2F9F5 /* ChatViewModel.swift */; };
		87EE868225D9031F00F89605 /* SignUpViewController1.swift in Sources */ = {isa = PBXBuildFile; fileRef = 87EE868125D9031F00F89605 /* SignUpViewController1.swift */; };
		87EE868725D9070F00F89605 /* SignUpViewController2.swift in Sources */ = {isa = PBXBuildFile; fileRef = 87EE868625D9070F00F89605 /* SignUpViewController2.swift */; };
		87EE868C25D9476D00F89605 /* SignUpViewModel1.swift in Sources */ = {isa = PBXBuildFile; fileRef = 87EE868B25D9476D00F89605 /* SignUpViewModel1.swift */; };
		87EE869125D973EB00F89605 /* SignUpViewModel2.swift in Sources */ = {isa = PBXBuildFile; fileRef = 87EE869025D973EB00F89605 /* SignUpViewModel2.swift */; };
/* End PBXBuildFile section */

/* Begin PBXContainerItemProxy section */
		873CE1AB25D7A85F0007E066 /* PBXContainerItemProxy */ = {
			isa = PBXContainerItemProxy;
			containerPortal = 873CE18C25D7A85E0007E066 /* Project object */;
			proxyType = 1;
			remoteGlobalIDString = 873CE19325D7A85E0007E066;
			remoteInfo = "Ne Angime?";
		};
		873CE1B625D7A85F0007E066 /* PBXContainerItemProxy */ = {
			isa = PBXContainerItemProxy;
			containerPortal = 873CE18C25D7A85E0007E066 /* Project object */;
			proxyType = 1;
			remoteGlobalIDString = 873CE19325D7A85E0007E066;
			remoteInfo = "Ne Angime?";
		};
/* End PBXContainerItemProxy section */

/* Begin PBXFileReference section */
		155414FA4BF097D262C7CD5F /* Pods-Ne Angime?.release.xcconfig */ = {isa = PBXFileReference; includeInIndex = 1; lastKnownFileType = text.xcconfig; name = "Pods-Ne Angime?.release.xcconfig"; path = "Target Support Files/Pods-Ne Angime?/Pods-Ne Angime?.release.xcconfig"; sourceTree = "<group>"; };
		22ACDC3173C71910B96C2F01 /* Pods_Ne_Angime__Ne_Angime_UITests.framework */ = {isa = PBXFileReference; explicitFileType = wrapper.framework; includeInIndex = 0; path = Pods_Ne_Angime__Ne_Angime_UITests.framework; sourceTree = BUILT_PRODUCTS_DIR; };
		3625DC80AF09459E7F84F67E /* Pods-Ne Angime?.debug.xcconfig */ = {isa = PBXFileReference; includeInIndex = 1; lastKnownFileType = text.xcconfig; name = "Pods-Ne Angime?.debug.xcconfig"; path = "Target Support Files/Pods-Ne Angime?/Pods-Ne Angime?.debug.xcconfig"; sourceTree = "<group>"; };
		87131FD725D849B700FE342A /* UITextField+Extension.swift */ = {isa = PBXFileReference; lastKnownFileType = sourcecode.swift; path = "UITextField+Extension.swift"; sourceTree = "<group>"; };
		8729773F25E194DE00F0EC72 /* UserManager.swift */ = {isa = PBXFileReference; lastKnownFileType = sourcecode.swift; path = UserManager.swift; sourceTree = "<group>"; };
		8729774A25E1A13700F0EC72 /* CoreDataManager.swift */ = {isa = PBXFileReference; lastKnownFileType = sourcecode.swift; path = CoreDataManager.swift; sourceTree = "<group>"; };
		8729776E25E1AAE500F0EC72 /* Conversation+CoreDataClass.swift */ = {isa = PBXFileReference; lastKnownFileType = sourcecode.swift; path = "Conversation+CoreDataClass.swift"; sourceTree = "<group>"; };
		8729776F25E1AAE500F0EC72 /* Conversation+CoreDataProperties.swift */ = {isa = PBXFileReference; lastKnownFileType = sourcecode.swift; path = "Conversation+CoreDataProperties.swift"; sourceTree = "<group>"; };
		8729777025E1AAE500F0EC72 /* MessageCoreData+CoreDataClass.swift */ = {isa = PBXFileReference; lastKnownFileType = sourcecode.swift; path = "MessageCoreData+CoreDataClass.swift"; sourceTree = "<group>"; };
		8729777125E1AAE500F0EC72 /* MessageCoreData+CoreDataProperties.swift */ = {isa = PBXFileReference; lastKnownFileType = sourcecode.swift; path = "MessageCoreData+CoreDataProperties.swift"; sourceTree = "<group>"; };
		8729777925E24B1B00F0EC72 /* Notification+Extensions.swift */ = {isa = PBXFileReference; lastKnownFileType = sourcecode.swift; path = "Notification+Extensions.swift"; sourceTree = "<group>"; };
		8729777E25E258F100F0EC72 /* WebSocket.swift */ = {isa = PBXFileReference; lastKnownFileType = sourcecode.swift; path = WebSocket.swift; sourceTree = "<group>"; };
		873CE19425D7A85E0007E066 /* Ne Angime?.app */ = {isa = PBXFileReference; explicitFileType = wrapper.application; includeInIndex = 0; path = "Ne Angime?.app"; sourceTree = BUILT_PRODUCTS_DIR; };
		873CE19725D7A85E0007E066 /* AppDelegate.swift */ = {isa = PBXFileReference; lastKnownFileType = sourcecode.swift; path = AppDelegate.swift; sourceTree = "<group>"; };
		873CE19925D7A85E0007E066 /* SceneDelegate.swift */ = {isa = PBXFileReference; lastKnownFileType = sourcecode.swift; path = SceneDelegate.swift; sourceTree = "<group>"; };
		873CE19B25D7A85E0007E066 /* TabBarController.swift */ = {isa = PBXFileReference; lastKnownFileType = sourcecode.swift; path = TabBarController.swift; sourceTree = "<group>"; };
		873CE19E25D7A85E0007E066 /* Base */ = {isa = PBXFileReference; lastKnownFileType = file.storyboard; name = Base; path = Base.lproj/Main.storyboard; sourceTree = "<group>"; };
		873CE1A025D7A85F0007E066 /* Assets.xcassets */ = {isa = PBXFileReference; lastKnownFileType = folder.assetcatalog; path = Assets.xcassets; sourceTree = "<group>"; };
		873CE1A325D7A85F0007E066 /* Base */ = {isa = PBXFileReference; lastKnownFileType = file.storyboard; name = Base; path = Base.lproj/LaunchScreen.storyboard; sourceTree = "<group>"; };
		873CE1A525D7A85F0007E066 /* Info.plist */ = {isa = PBXFileReference; lastKnownFileType = text.plist.xml; path = Info.plist; sourceTree = "<group>"; };
		873CE1AA25D7A85F0007E066 /* Ne Angime?Tests.xctest */ = {isa = PBXFileReference; explicitFileType = wrapper.cfbundle; includeInIndex = 0; path = "Ne Angime?Tests.xctest"; sourceTree = BUILT_PRODUCTS_DIR; };
		873CE1AE25D7A85F0007E066 /* Ne_Angime_Tests.swift */ = {isa = PBXFileReference; lastKnownFileType = sourcecode.swift; path = Ne_Angime_Tests.swift; sourceTree = "<group>"; };
		873CE1B025D7A85F0007E066 /* Info.plist */ = {isa = PBXFileReference; lastKnownFileType = text.plist.xml; path = Info.plist; sourceTree = "<group>"; };
		873CE1B525D7A85F0007E066 /* Ne Angime?UITests.xctest */ = {isa = PBXFileReference; explicitFileType = wrapper.cfbundle; includeInIndex = 0; path = "Ne Angime?UITests.xctest"; sourceTree = BUILT_PRODUCTS_DIR; };
		873CE1B925D7A85F0007E066 /* Ne_Angime_UITests.swift */ = {isa = PBXFileReference; lastKnownFileType = sourcecode.swift; path = Ne_Angime_UITests.swift; sourceTree = "<group>"; };
		873CE1BB25D7A85F0007E066 /* Info.plist */ = {isa = PBXFileReference; lastKnownFileType = text.plist.xml; path = Info.plist; sourceTree = "<group>"; };
		877F993F25DA89C7009761A3 /* User.swift */ = {isa = PBXFileReference; lastKnownFileType = sourcecode.swift; path = User.swift; sourceTree = "<group>"; };
		879A7F1725D7BFBD00C70171 /* ConversationsCollectionViewCell.swift */ = {isa = PBXFileReference; lastKnownFileType = sourcecode.swift; path = ConversationsCollectionViewCell.swift; sourceTree = "<group>"; };
		879A7F1D25D7CB0E00C70171 /* UIColor+Extensions.swift */ = {isa = PBXFileReference; lastKnownFileType = sourcecode.swift; path = "UIColor+Extensions.swift"; sourceTree = "<group>"; };
		879A7F2525D7DD5500C70171 /* FriendsViewController.swift */ = {isa = PBXFileReference; lastKnownFileType = sourcecode.swift; path = FriendsViewController.swift; sourceTree = "<group>"; };
		879A7F2D25D7EC3400C70171 /* FriendsViewModel.swift */ = {isa = PBXFileReference; lastKnownFileType = sourcecode.swift; path = FriendsViewModel.swift; sourceTree = "<group>"; };
		879A7F3325D7ECCB00C70171 /* FriendsCollectionViewCell.swift */ = {isa = PBXFileReference; lastKnownFileType = sourcecode.swift; path = FriendsCollectionViewCell.swift; sourceTree = "<group>"; };
		879A7F4425D7EF7E00C70171 /* FindViewController.swift */ = {isa = PBXFileReference; lastKnownFileType = sourcecode.swift; path = FindViewController.swift; sourceTree = "<group>"; };
		879A7F5025D82B2E00C70171 /* SignInViewController.swift */ = {isa = PBXFileReference; lastKnownFileType = sourcecode.swift; path = SignInViewController.swift; sourceTree = "<group>"; };
		879A7F5525D82CDE00C70171 /* SignInViewModel.swift */ = {isa = PBXFileReference; lastKnownFileType = sourcecode.swift; path = SignInViewModel.swift; sourceTree = "<group>"; };
		879BF3E725DEF012006B40A2 /* Model.xcdatamodel */ = {isa = PBXFileReference; lastKnownFileType = wrapper.xcdatamodel; path = Model.xcdatamodel; sourceTree = "<group>"; };
		87DC192F25D7B0FD00C67EB4 /* ConversationsViewController.swift */ = {isa = PBXFileReference; lastKnownFileType = sourcecode.swift; path = ConversationsViewController.swift; sourceTree = "<group>"; };
		87DC194325D7B4CC00C67EB4 /* ConversationsViewModel.swift */ = {isa = PBXFileReference; lastKnownFileType = sourcecode.swift; path = ConversationsViewModel.swift; sourceTree = "<group>"; };
		87EA164825DD303200F2F9F5 /* ChatViewController.swift */ = {isa = PBXFileReference; lastKnownFileType = sourcecode.swift; path = ChatViewController.swift; sourceTree = "<group>"; };
		87EA164F25DD38AC00F2F9F5 /* ChatViewModel.swift */ = {isa = PBXFileReference; lastKnownFileType = sourcecode.swift; path = ChatViewModel.swift; sourceTree = "<group>"; };
		87EE868125D9031F00F89605 /* SignUpViewController1.swift */ = {isa = PBXFileReference; lastKnownFileType = sourcecode.swift; path = SignUpViewController1.swift; sourceTree = "<group>"; };
		87EE868625D9070F00F89605 /* SignUpViewController2.swift */ = {isa = PBXFileReference; lastKnownFileType = sourcecode.swift; path = SignUpViewController2.swift; sourceTree = "<group>"; };
		87EE868B25D9476D00F89605 /* SignUpViewModel1.swift */ = {isa = PBXFileReference; lastKnownFileType = sourcecode.swift; path = SignUpViewModel1.swift; sourceTree = "<group>"; };
		87EE869025D973EB00F89605 /* SignUpViewModel2.swift */ = {isa = PBXFileReference; lastKnownFileType = sourcecode.swift; path = SignUpViewModel2.swift; sourceTree = "<group>"; };
		A8D45F3542CC0CA1A385586F /* Pods-Ne Angime?-Ne Angime?UITests.release.xcconfig */ = {isa = PBXFileReference; includeInIndex = 1; lastKnownFileType = text.xcconfig; name = "Pods-Ne Angime?-Ne Angime?UITests.release.xcconfig"; path = "Target Support Files/Pods-Ne Angime?-Ne Angime?UITests/Pods-Ne Angime?-Ne Angime?UITests.release.xcconfig"; sourceTree = "<group>"; };
		B396BD6E97E88CBF868504E8 /* Pods_Ne_Angime_Tests.framework */ = {isa = PBXFileReference; explicitFileType = wrapper.framework; includeInIndex = 0; path = Pods_Ne_Angime_Tests.framework; sourceTree = BUILT_PRODUCTS_DIR; };
		B67827AEF373D204B17B7813 /* Pods-Ne Angime?Tests.debug.xcconfig */ = {isa = PBXFileReference; includeInIndex = 1; lastKnownFileType = text.xcconfig; name = "Pods-Ne Angime?Tests.debug.xcconfig"; path = "Target Support Files/Pods-Ne Angime?Tests/Pods-Ne Angime?Tests.debug.xcconfig"; sourceTree = "<group>"; };
		BC954D28220E3E17F873F45B /* Pods-Ne Angime?Tests.release.xcconfig */ = {isa = PBXFileReference; includeInIndex = 1; lastKnownFileType = text.xcconfig; name = "Pods-Ne Angime?Tests.release.xcconfig"; path = "Target Support Files/Pods-Ne Angime?Tests/Pods-Ne Angime?Tests.release.xcconfig"; sourceTree = "<group>"; };
		C5594701988A168B467465CB /* Pods-Ne Angime?-Ne Angime?UITests.debug.xcconfig */ = {isa = PBXFileReference; includeInIndex = 1; lastKnownFileType = text.xcconfig; name = "Pods-Ne Angime?-Ne Angime?UITests.debug.xcconfig"; path = "Target Support Files/Pods-Ne Angime?-Ne Angime?UITests/Pods-Ne Angime?-Ne Angime?UITests.debug.xcconfig"; sourceTree = "<group>"; };
		FFCDB66AF8DB440C2C33093A /* Pods_Ne_Angime_.framework */ = {isa = PBXFileReference; explicitFileType = wrapper.framework; includeInIndex = 0; path = Pods_Ne_Angime_.framework; sourceTree = BUILT_PRODUCTS_DIR; };
/* End PBXFileReference section */

/* Begin PBXFrameworksBuildPhase section */
		873CE19125D7A85E0007E066 /* Frameworks */ = {
			isa = PBXFrameworksBuildPhase;
			buildActionMask = 2147483647;
			files = (
				2A079019245B50100D16AD61 /* Pods_Ne_Angime_.framework in Frameworks */,
			);
			runOnlyForDeploymentPostprocessing = 0;
		};
		873CE1A725D7A85F0007E066 /* Frameworks */ = {
			isa = PBXFrameworksBuildPhase;
			buildActionMask = 2147483647;
			files = (
				46374A231AF0F9A343EFE6F0 /* Pods_Ne_Angime_Tests.framework in Frameworks */,
			);
			runOnlyForDeploymentPostprocessing = 0;
		};
		873CE1B225D7A85F0007E066 /* Frameworks */ = {
			isa = PBXFrameworksBuildPhase;
			buildActionMask = 2147483647;
			files = (
				184E359CD16985D403668897 /* Pods_Ne_Angime__Ne_Angime_UITests.framework in Frameworks */,
			);
			runOnlyForDeploymentPostprocessing = 0;
		};
/* End PBXFrameworksBuildPhase section */

/* Begin PBXGroup section */
		083BD111781B27526EB68711 /* Pods */ = {
			isa = PBXGroup;
			children = (
				3625DC80AF09459E7F84F67E /* Pods-Ne Angime?.debug.xcconfig */,
				155414FA4BF097D262C7CD5F /* Pods-Ne Angime?.release.xcconfig */,
				C5594701988A168B467465CB /* Pods-Ne Angime?-Ne Angime?UITests.debug.xcconfig */,
				A8D45F3542CC0CA1A385586F /* Pods-Ne Angime?-Ne Angime?UITests.release.xcconfig */,
				B67827AEF373D204B17B7813 /* Pods-Ne Angime?Tests.debug.xcconfig */,
				BC954D28220E3E17F873F45B /* Pods-Ne Angime?Tests.release.xcconfig */,
			);
			path = Pods;
			sourceTree = "<group>";
		};
		873CE18B25D7A85E0007E066 = {
			isa = PBXGroup;
			children = (
				873CE19625D7A85E0007E066 /* Ne Angime? */,
				873CE1AD25D7A85F0007E066 /* Ne Angime?Tests */,
				873CE1B825D7A85F0007E066 /* Ne Angime?UITests */,
				873CE19525D7A85E0007E066 /* Products */,
				083BD111781B27526EB68711 /* Pods */,
				B23486C606523DAA95CDC6C4 /* Frameworks */,
			);
			sourceTree = "<group>";
		};
		873CE19525D7A85E0007E066 /* Products */ = {
			isa = PBXGroup;
			children = (
				873CE19425D7A85E0007E066 /* Ne Angime?.app */,
				873CE1AA25D7A85F0007E066 /* Ne Angime?Tests.xctest */,
				873CE1B525D7A85F0007E066 /* Ne Angime?UITests.xctest */,
			);
			name = Products;
			sourceTree = "<group>";
		};
		873CE19625D7A85E0007E066 /* Ne Angime? */ = {
			isa = PBXGroup;
			children = (
				873CE19725D7A85E0007E066 /* AppDelegate.swift */,
				873CE19925D7A85E0007E066 /* SceneDelegate.swift */,
				879A7F4925D8281800C70171 /* Sign Up & Sign In */,
				87DC192A25D7AFDA00C67EB4 /* Tab Bar */,
				879BF3F725DEF7AE006B40A2 /* Core Data */,
				873CE19D25D7A85E0007E066 /* Main.storyboard */,
				873CE1A025D7A85F0007E066 /* Assets.xcassets */,
				873CE1A225D7A85F0007E066 /* LaunchScreen.storyboard */,
				879BF3E625DEF012006B40A2 /* Model.xcdatamodeld */,
				873CE1A525D7A85F0007E066 /* Info.plist */,
				877F993E25DA8991009761A3 /* Objects */,
				879A7F1C25D7CAFC00C70171 /* Extensions */,
			);
			path = "Ne Angime?";
			sourceTree = "<group>";
		};
		873CE1AD25D7A85F0007E066 /* Ne Angime?Tests */ = {
			isa = PBXGroup;
			children = (
				873CE1AE25D7A85F0007E066 /* Ne_Angime_Tests.swift */,
				873CE1B025D7A85F0007E066 /* Info.plist */,
			);
			path = "Ne Angime?Tests";
			sourceTree = "<group>";
		};
		873CE1B825D7A85F0007E066 /* Ne Angime?UITests */ = {
			isa = PBXGroup;
			children = (
				873CE1B925D7A85F0007E066 /* Ne_Angime_UITests.swift */,
				873CE1BB25D7A85F0007E066 /* Info.plist */,
			);
			path = "Ne Angime?UITests";
			sourceTree = "<group>";
		};
		877F993E25DA8991009761A3 /* Objects */ = {
			isa = PBXGroup;
			children = (
				877F993F25DA89C7009761A3 /* User.swift */,
				8729773F25E194DE00F0EC72 /* UserManager.swift */,
				8729774A25E1A13700F0EC72 /* CoreDataManager.swift */,
				8729777E25E258F100F0EC72 /* WebSocket.swift */,
			);
			path = Objects;
			sourceTree = "<group>";
		};
		879A7F1C25D7CAFC00C70171 /* Extensions */ = {
			isa = PBXGroup;
			children = (
				879A7F1D25D7CB0E00C70171 /* UIColor+Extensions.swift */,
				87131FD725D849B700FE342A /* UITextField+Extension.swift */,
				8729777925E24B1B00F0EC72 /* Notification+Extensions.swift */,
			);
			path = Extensions;
			sourceTree = "<group>";
		};
		879A7F2225D7DD3200C70171 /* Friends */ = {
			isa = PBXGroup;
			children = (
				879A7F2325D7DD4000C70171 /* View Model */,
				879A7F2425D7DD4700C70171 /* View */,
			);
			path = Friends;
			sourceTree = "<group>";
		};
		879A7F2325D7DD4000C70171 /* View Model */ = {
			isa = PBXGroup;
			children = (
				879A7F2D25D7EC3400C70171 /* FriendsViewModel.swift */,
			);
			path = "View Model";
			sourceTree = "<group>";
		};
		879A7F2425D7DD4700C70171 /* View */ = {
			isa = PBXGroup;
			children = (
				879A7F2525D7DD5500C70171 /* FriendsViewController.swift */,
				879A7F3325D7ECCB00C70171 /* FriendsCollectionViewCell.swift */,
			);
			path = View;
			sourceTree = "<group>";
		};
		879A7F4125D7EF5C00C70171 /* Find */ = {
			isa = PBXGroup;
			children = (
				879A7F4325D7EF7200C70171 /* View Model */,
				879A7F4225D7EF6300C70171 /* View */,
			);
			path = Find;
			sourceTree = "<group>";
		};
		879A7F4225D7EF6300C70171 /* View */ = {
			isa = PBXGroup;
			children = (
				879A7F4425D7EF7E00C70171 /* FindViewController.swift */,
			);
			path = View;
			sourceTree = "<group>";
		};
		879A7F4325D7EF7200C70171 /* View Model */ = {
			isa = PBXGroup;
			children = (
			);
			path = "View Model";
			sourceTree = "<group>";
		};
		879A7F4925D8281800C70171 /* Sign Up & Sign In */ = {
			isa = PBXGroup;
			children = (
				879A7F4D25D82A3000C70171 /* Sign Up */,
				879A7F4A25D8286500C70171 /* Sign In */,
			);
			path = "Sign Up & Sign In";
			sourceTree = "<group>";
		};
		879A7F4A25D8286500C70171 /* Sign In */ = {
			isa = PBXGroup;
			children = (
				879A7F4C25D8287900C70171 /* View Model */,
				879A7F4B25D8287200C70171 /* View */,
			);
			path = "Sign In";
			sourceTree = "<group>";
		};
		879A7F4B25D8287200C70171 /* View */ = {
			isa = PBXGroup;
			children = (
				879A7F5025D82B2E00C70171 /* SignInViewController.swift */,
			);
			path = View;
			sourceTree = "<group>";
		};
		879A7F4C25D8287900C70171 /* View Model */ = {
			isa = PBXGroup;
			children = (
				879A7F5525D82CDE00C70171 /* SignInViewModel.swift */,
			);
			path = "View Model";
			sourceTree = "<group>";
		};
		879A7F4D25D82A3000C70171 /* Sign Up */ = {
			isa = PBXGroup;
			children = (
				879A7F4F25D82AA400C70171 /* View Model */,
				879A7F4E25D82A9E00C70171 /* View */,
			);
			path = "Sign Up";
			sourceTree = "<group>";
		};
		879A7F4E25D82A9E00C70171 /* View */ = {
			isa = PBXGroup;
			children = (
				87EE868125D9031F00F89605 /* SignUpViewController1.swift */,
				87EE868625D9070F00F89605 /* SignUpViewController2.swift */,
			);
			path = View;
			sourceTree = "<group>";
		};
		879A7F4F25D82AA400C70171 /* View Model */ = {
			isa = PBXGroup;
			children = (
				87EE868B25D9476D00F89605 /* SignUpViewModel1.swift */,
				87EE869025D973EB00F89605 /* SignUpViewModel2.swift */,
			);
			path = "View Model";
			sourceTree = "<group>";
		};
		879BF3F725DEF7AE006B40A2 /* Core Data */ = {
			isa = PBXGroup;
			children = (
				8729776E25E1AAE500F0EC72 /* Conversation+CoreDataClass.swift */,
				8729776F25E1AAE500F0EC72 /* Conversation+CoreDataProperties.swift */,
				8729777025E1AAE500F0EC72 /* MessageCoreData+CoreDataClass.swift */,
				8729777125E1AAE500F0EC72 /* MessageCoreData+CoreDataProperties.swift */,
			);
			path = "Core Data";
			sourceTree = "<group>";
		};
		87DC192A25D7AFDA00C67EB4 /* Tab Bar */ = {
			isa = PBXGroup;
			children = (
				873CE19B25D7A85E0007E066 /* TabBarController.swift */,
				879A7F4125D7EF5C00C70171 /* Find */,
				879A7F2225D7DD3200C70171 /* Friends */,
				87DC192E25D7B09200C67EB4 /* Conversations */,
			);
			path = "Tab Bar";
			sourceTree = "<group>";
		};
		87DC192E25D7B09200C67EB4 /* Conversations */ = {
			isa = PBXGroup;
			children = (
				87EA164725DD300500F2F9F5 /* Chat */,
				87DC194225D7B4B800C67EB4 /* View Model */,
				87DC194025D7B49F00C67EB4 /* View */,
			);
			path = Conversations;
			sourceTree = "<group>";
		};
		87DC194025D7B49F00C67EB4 /* View */ = {
			isa = PBXGroup;
			children = (
				87DC192F25D7B0FD00C67EB4 /* ConversationsViewController.swift */,
				879A7F1725D7BFBD00C70171 /* ConversationsCollectionViewCell.swift */,
			);
			path = View;
			sourceTree = "<group>";
		};
		87DC194225D7B4B800C67EB4 /* View Model */ = {
			isa = PBXGroup;
			children = (
				87DC194325D7B4CC00C67EB4 /* ConversationsViewModel.swift */,
			);
			path = "View Model";
			sourceTree = "<group>";
		};
		87EA164725DD300500F2F9F5 /* Chat */ = {
			isa = PBXGroup;
			children = (
				87EA164E25DD389B00F2F9F5 /* View Model */,
				87EA164D25DD389700F2F9F5 /* View */,
			);
			path = Chat;
			sourceTree = "<group>";
		};
		87EA164D25DD389700F2F9F5 /* View */ = {
			isa = PBXGroup;
			children = (
				87EA164825DD303200F2F9F5 /* ChatViewController.swift */,
			);
			path = View;
			sourceTree = "<group>";
		};
		87EA164E25DD389B00F2F9F5 /* View Model */ = {
			isa = PBXGroup;
			children = (
				87EA164F25DD38AC00F2F9F5 /* ChatViewModel.swift */,
			);
			path = "View Model";
			sourceTree = "<group>";
		};
		B23486C606523DAA95CDC6C4 /* Frameworks */ = {
			isa = PBXGroup;
			children = (
				FFCDB66AF8DB440C2C33093A /* Pods_Ne_Angime_.framework */,
				22ACDC3173C71910B96C2F01 /* Pods_Ne_Angime__Ne_Angime_UITests.framework */,
				B396BD6E97E88CBF868504E8 /* Pods_Ne_Angime_Tests.framework */,
			);
			name = Frameworks;
			sourceTree = "<group>";
		};
/* End PBXGroup section */

/* Begin PBXNativeTarget section */
		873CE19325D7A85E0007E066 /* Ne Angime? */ = {
			isa = PBXNativeTarget;
			buildConfigurationList = 873CE1BE25D7A85F0007E066 /* Build configuration list for PBXNativeTarget "Ne Angime?" */;
			buildPhases = (
				D705AFC35CC1E2F93E5AEA6D /* [CP] Check Pods Manifest.lock */,
				873CE19025D7A85E0007E066 /* Sources */,
				873CE19125D7A85E0007E066 /* Frameworks */,
				873CE19225D7A85E0007E066 /* Resources */,
				9D9704EA394E3D115D1EA0CF /* [CP] Embed Pods Frameworks */,
			);
			buildRules = (
			);
			dependencies = (
			);
			name = "Ne Angime?";
			productName = "Ne Angime?";
			productReference = 873CE19425D7A85E0007E066 /* Ne Angime?.app */;
			productType = "com.apple.product-type.application";
		};
		873CE1A925D7A85F0007E066 /* Ne Angime?Tests */ = {
			isa = PBXNativeTarget;
			buildConfigurationList = 873CE1C125D7A85F0007E066 /* Build configuration list for PBXNativeTarget "Ne Angime?Tests" */;
			buildPhases = (
				BD51B61898E6743B33A403AC /* [CP] Check Pods Manifest.lock */,
				873CE1A625D7A85F0007E066 /* Sources */,
				873CE1A725D7A85F0007E066 /* Frameworks */,
				873CE1A825D7A85F0007E066 /* Resources */,
			);
			buildRules = (
			);
			dependencies = (
				873CE1AC25D7A85F0007E066 /* PBXTargetDependency */,
			);
			name = "Ne Angime?Tests";
			productName = "Ne Angime?Tests";
			productReference = 873CE1AA25D7A85F0007E066 /* Ne Angime?Tests.xctest */;
			productType = "com.apple.product-type.bundle.unit-test";
		};
		873CE1B425D7A85F0007E066 /* Ne Angime?UITests */ = {
			isa = PBXNativeTarget;
			buildConfigurationList = 873CE1C425D7A85F0007E066 /* Build configuration list for PBXNativeTarget "Ne Angime?UITests" */;
			buildPhases = (
				99FC3F5B49CC54FAF748076E /* [CP] Check Pods Manifest.lock */,
				873CE1B125D7A85F0007E066 /* Sources */,
				873CE1B225D7A85F0007E066 /* Frameworks */,
				873CE1B325D7A85F0007E066 /* Resources */,
				58BFF89FCDE18F4C1148DF84 /* [CP] Embed Pods Frameworks */,
			);
			buildRules = (
			);
			dependencies = (
				873CE1B725D7A85F0007E066 /* PBXTargetDependency */,
			);
			name = "Ne Angime?UITests";
			productName = "Ne Angime?UITests";
			productReference = 873CE1B525D7A85F0007E066 /* Ne Angime?UITests.xctest */;
			productType = "com.apple.product-type.bundle.ui-testing";
		};
/* End PBXNativeTarget section */

/* Begin PBXProject section */
		873CE18C25D7A85E0007E066 /* Project object */ = {
			isa = PBXProject;
			attributes = {
				LastSwiftUpdateCheck = 1210;
				LastUpgradeCheck = 1210;
				TargetAttributes = {
					873CE19325D7A85E0007E066 = {
						CreatedOnToolsVersion = 12.1;
					};
					873CE1A925D7A85F0007E066 = {
						CreatedOnToolsVersion = 12.1;
						TestTargetID = 873CE19325D7A85E0007E066;
					};
					873CE1B425D7A85F0007E066 = {
						CreatedOnToolsVersion = 12.1;
						TestTargetID = 873CE19325D7A85E0007E066;
					};
				};
			};
			buildConfigurationList = 873CE18F25D7A85E0007E066 /* Build configuration list for PBXProject "Ne Angime?" */;
			compatibilityVersion = "Xcode 9.3";
			developmentRegion = en;
			hasScannedForEncodings = 0;
			knownRegions = (
				en,
				Base,
			);
			mainGroup = 873CE18B25D7A85E0007E066;
			productRefGroup = 873CE19525D7A85E0007E066 /* Products */;
			projectDirPath = "";
			projectRoot = "";
			targets = (
				873CE19325D7A85E0007E066 /* Ne Angime? */,
				873CE1A925D7A85F0007E066 /* Ne Angime?Tests */,
				873CE1B425D7A85F0007E066 /* Ne Angime?UITests */,
			);
		};
/* End PBXProject section */

/* Begin PBXResourcesBuildPhase section */
		873CE19225D7A85E0007E066 /* Resources */ = {
			isa = PBXResourcesBuildPhase;
			buildActionMask = 2147483647;
			files = (
				873CE1A425D7A85F0007E066 /* LaunchScreen.storyboard in Resources */,
				873CE1A125D7A85F0007E066 /* Assets.xcassets in Resources */,
				873CE19F25D7A85E0007E066 /* Main.storyboard in Resources */,
			);
			runOnlyForDeploymentPostprocessing = 0;
		};
		873CE1A825D7A85F0007E066 /* Resources */ = {
			isa = PBXResourcesBuildPhase;
			buildActionMask = 2147483647;
			files = (
			);
			runOnlyForDeploymentPostprocessing = 0;
		};
		873CE1B325D7A85F0007E066 /* Resources */ = {
			isa = PBXResourcesBuildPhase;
			buildActionMask = 2147483647;
			files = (
			);
			runOnlyForDeploymentPostprocessing = 0;
		};
/* End PBXResourcesBuildPhase section */

/* Begin PBXShellScriptBuildPhase section */
		58BFF89FCDE18F4C1148DF84 /* [CP] Embed Pods Frameworks */ = {
			isa = PBXShellScriptBuildPhase;
			buildActionMask = 2147483647;
			files = (
			);
			inputFileListPaths = (
				"${PODS_ROOT}/Target Support Files/Pods-Ne Angime?-Ne Angime?UITests/Pods-Ne Angime?-Ne Angime?UITests-frameworks-${CONFIGURATION}-input-files.xcfilelist",
			);
			name = "[CP] Embed Pods Frameworks";
			outputFileListPaths = (
				"${PODS_ROOT}/Target Support Files/Pods-Ne Angime?-Ne Angime?UITests/Pods-Ne Angime?-Ne Angime?UITests-frameworks-${CONFIGURATION}-output-files.xcfilelist",
			);
			runOnlyForDeploymentPostprocessing = 0;
			shellPath = /bin/sh;
			shellScript = "\"${PODS_ROOT}/Target Support Files/Pods-Ne Angime?-Ne Angime?UITests/Pods-Ne Angime?-Ne Angime?UITests-frameworks.sh\"\n";
			showEnvVarsInLog = 0;
		};
		99FC3F5B49CC54FAF748076E /* [CP] Check Pods Manifest.lock */ = {
			isa = PBXShellScriptBuildPhase;
			buildActionMask = 2147483647;
			files = (
			);
			inputFileListPaths = (
			);
			inputPaths = (
				"${PODS_PODFILE_DIR_PATH}/Podfile.lock",
				"${PODS_ROOT}/Manifest.lock",
			);
			name = "[CP] Check Pods Manifest.lock";
			outputFileListPaths = (
			);
			outputPaths = (
				"$(DERIVED_FILE_DIR)/Pods-Ne Angime?-Ne Angime?UITests-checkManifestLockResult.txt",
			);
			runOnlyForDeploymentPostprocessing = 0;
			shellPath = /bin/sh;
			shellScript = "diff \"${PODS_PODFILE_DIR_PATH}/Podfile.lock\" \"${PODS_ROOT}/Manifest.lock\" > /dev/null\nif [ $? != 0 ] ; then\n    # print error to STDERR\n    echo \"error: The sandbox is not in sync with the Podfile.lock. Run 'pod install' or update your CocoaPods installation.\" >&2\n    exit 1\nfi\n# This output is used by Xcode 'outputs' to avoid re-running this script phase.\necho \"SUCCESS\" > \"${SCRIPT_OUTPUT_FILE_0}\"\n";
			showEnvVarsInLog = 0;
		};
		9D9704EA394E3D115D1EA0CF /* [CP] Embed Pods Frameworks */ = {
			isa = PBXShellScriptBuildPhase;
			buildActionMask = 2147483647;
			files = (
			);
			inputFileListPaths = (
				"${PODS_ROOT}/Target Support Files/Pods-Ne Angime?/Pods-Ne Angime?-frameworks-${CONFIGURATION}-input-files.xcfilelist",
			);
			name = "[CP] Embed Pods Frameworks";
			outputFileListPaths = (
				"${PODS_ROOT}/Target Support Files/Pods-Ne Angime?/Pods-Ne Angime?-frameworks-${CONFIGURATION}-output-files.xcfilelist",
			);
			runOnlyForDeploymentPostprocessing = 0;
			shellPath = /bin/sh;
			shellScript = "\"${PODS_ROOT}/Target Support Files/Pods-Ne Angime?/Pods-Ne Angime?-frameworks.sh\"\n";
			showEnvVarsInLog = 0;
		};
		BD51B61898E6743B33A403AC /* [CP] Check Pods Manifest.lock */ = {
			isa = PBXShellScriptBuildPhase;
			buildActionMask = 2147483647;
			files = (
			);
			inputFileListPaths = (
			);
			inputPaths = (
				"${PODS_PODFILE_DIR_PATH}/Podfile.lock",
				"${PODS_ROOT}/Manifest.lock",
			);
			name = "[CP] Check Pods Manifest.lock";
			outputFileListPaths = (
			);
			outputPaths = (
				"$(DERIVED_FILE_DIR)/Pods-Ne Angime?Tests-checkManifestLockResult.txt",
			);
			runOnlyForDeploymentPostprocessing = 0;
			shellPath = /bin/sh;
			shellScript = "diff \"${PODS_PODFILE_DIR_PATH}/Podfile.lock\" \"${PODS_ROOT}/Manifest.lock\" > /dev/null\nif [ $? != 0 ] ; then\n    # print error to STDERR\n    echo \"error: The sandbox is not in sync with the Podfile.lock. Run 'pod install' or update your CocoaPods installation.\" >&2\n    exit 1\nfi\n# This output is used by Xcode 'outputs' to avoid re-running this script phase.\necho \"SUCCESS\" > \"${SCRIPT_OUTPUT_FILE_0}\"\n";
			showEnvVarsInLog = 0;
		};
		D705AFC35CC1E2F93E5AEA6D /* [CP] Check Pods Manifest.lock */ = {
			isa = PBXShellScriptBuildPhase;
			buildActionMask = 2147483647;
			files = (
			);
			inputFileListPaths = (
			);
			inputPaths = (
				"${PODS_PODFILE_DIR_PATH}/Podfile.lock",
				"${PODS_ROOT}/Manifest.lock",
			);
			name = "[CP] Check Pods Manifest.lock";
			outputFileListPaths = (
			);
			outputPaths = (
				"$(DERIVED_FILE_DIR)/Pods-Ne Angime?-checkManifestLockResult.txt",
			);
			runOnlyForDeploymentPostprocessing = 0;
			shellPath = /bin/sh;
			shellScript = "diff \"${PODS_PODFILE_DIR_PATH}/Podfile.lock\" \"${PODS_ROOT}/Manifest.lock\" > /dev/null\nif [ $? != 0 ] ; then\n    # print error to STDERR\n    echo \"error: The sandbox is not in sync with the Podfile.lock. Run 'pod install' or update your CocoaPods installation.\" >&2\n    exit 1\nfi\n# This output is used by Xcode 'outputs' to avoid re-running this script phase.\necho \"SUCCESS\" > \"${SCRIPT_OUTPUT_FILE_0}\"\n";
			showEnvVarsInLog = 0;
		};
/* End PBXShellScriptBuildPhase section */

/* Begin PBXSourcesBuildPhase section */
		873CE19025D7A85E0007E066 /* Sources */ = {
			isa = PBXSourcesBuildPhase;
			buildActionMask = 2147483647;
			files = (
				879A7F2625D7DD5500C70171 /* FriendsViewController.swift in Sources */,
				87EA165025DD38AC00F2F9F5 /* ChatViewModel.swift in Sources */,
				87EE868C25D9476D00F89605 /* SignUpViewModel1.swift in Sources */,
				879A7F5625D82CDE00C70171 /* SignInViewModel.swift in Sources */,
				8729777A25E24B1B00F0EC72 /* Notification+Extensions.swift in Sources */,
				873CE19C25D7A85E0007E066 /* TabBarController.swift in Sources */,
				879A7F3425D7ECCB00C70171 /* FriendsCollectionViewCell.swift in Sources */,
				879A7F1825D7BFBD00C70171 /* ConversationsCollectionViewCell.swift in Sources */,
				87DC194425D7B4CC00C67EB4 /* ConversationsViewModel.swift in Sources */,
				873CE19825D7A85E0007E066 /* AppDelegate.swift in Sources */,
				879BF3E825DEF012006B40A2 /* Model.xcdatamodeld in Sources */,
				8729777F25E258F100F0EC72 /* WebSocket.swift in Sources */,
				8729777525E1AAE500F0EC72 /* MessageCoreData+CoreDataProperties.swift in Sources */,
				879A7F5125D82B2E00C70171 /* SignInViewController.swift in Sources */,
				8729777425E1AAE500F0EC72 /* MessageCoreData+CoreDataClass.swift in Sources */,
				87EE869125D973EB00F89605 /* SignUpViewModel2.swift in Sources */,
				879A7F1E25D7CB0E00C70171 /* UIColor+Extensions.swift in Sources */,
				8729777225E1AAE500F0EC72 /* Conversation+CoreDataClass.swift in Sources */,
				87131FD825D849B700FE342A /* UITextField+Extension.swift in Sources */,
				879A7F4525D7EF7E00C70171 /* FindViewController.swift in Sources */,
				87DC193025D7B0FD00C67EB4 /* ConversationsViewController.swift in Sources */,
				87EE868225D9031F00F89605 /* SignUpViewController1.swift in Sources */,
				87EE868725D9070F00F89605 /* SignUpViewController2.swift in Sources */,
				873CE19A25D7A85E0007E066 /* SceneDelegate.swift in Sources */,
				8729777325E1AAE500F0EC72 /* Conversation+CoreDataProperties.swift in Sources */,
				8729774025E194DE00F0EC72 /* UserManager.swift in Sources */,
				879A7F2E25D7EC3400C70171 /* FriendsViewModel.swift in Sources */,
				87EA164925DD303200F2F9F5 /* ChatViewController.swift in Sources */,
				877F994025DA89C7009761A3 /* User.swift in Sources */,
				8729774B25E1A13700F0EC72 /* CoreDataManager.swift in Sources */,
			);
			runOnlyForDeploymentPostprocessing = 0;
		};
		873CE1A625D7A85F0007E066 /* Sources */ = {
			isa = PBXSourcesBuildPhase;
			buildActionMask = 2147483647;
			files = (
				873CE1AF25D7A85F0007E066 /* Ne_Angime_Tests.swift in Sources */,
			);
			runOnlyForDeploymentPostprocessing = 0;
		};
		873CE1B125D7A85F0007E066 /* Sources */ = {
			isa = PBXSourcesBuildPhase;
			buildActionMask = 2147483647;
			files = (
				873CE1BA25D7A85F0007E066 /* Ne_Angime_UITests.swift in Sources */,
			);
			runOnlyForDeploymentPostprocessing = 0;
		};
/* End PBXSourcesBuildPhase section */

/* Begin PBXTargetDependency section */
		873CE1AC25D7A85F0007E066 /* PBXTargetDependency */ = {
			isa = PBXTargetDependency;
			target = 873CE19325D7A85E0007E066 /* Ne Angime? */;
			targetProxy = 873CE1AB25D7A85F0007E066 /* PBXContainerItemProxy */;
		};
		873CE1B725D7A85F0007E066 /* PBXTargetDependency */ = {
			isa = PBXTargetDependency;
			target = 873CE19325D7A85E0007E066 /* Ne Angime? */;
			targetProxy = 873CE1B625D7A85F0007E066 /* PBXContainerItemProxy */;
		};
/* End PBXTargetDependency section */

/* Begin PBXVariantGroup section */
		873CE19D25D7A85E0007E066 /* Main.storyboard */ = {
			isa = PBXVariantGroup;
			children = (
				873CE19E25D7A85E0007E066 /* Base */,
			);
			name = Main.storyboard;
			sourceTree = "<group>";
		};
		873CE1A225D7A85F0007E066 /* LaunchScreen.storyboard */ = {
			isa = PBXVariantGroup;
			children = (
				873CE1A325D7A85F0007E066 /* Base */,
			);
			name = LaunchScreen.storyboard;
			sourceTree = "<group>";
		};
/* End PBXVariantGroup section */

/* Begin XCBuildConfiguration section */
		873CE1BC25D7A85F0007E066 /* Debug */ = {
			isa = XCBuildConfiguration;
			buildSettings = {
				ALWAYS_SEARCH_USER_PATHS = NO;
				CLANG_ANALYZER_NONNULL = YES;
				CLANG_ANALYZER_NUMBER_OBJECT_CONVERSION = YES_AGGRESSIVE;
				CLANG_CXX_LANGUAGE_STANDARD = "gnu++14";
				CLANG_CXX_LIBRARY = "libc++";
				CLANG_ENABLE_MODULES = YES;
				CLANG_ENABLE_OBJC_ARC = YES;
				CLANG_ENABLE_OBJC_WEAK = YES;
				CLANG_WARN_BLOCK_CAPTURE_AUTORELEASING = YES;
				CLANG_WARN_BOOL_CONVERSION = YES;
				CLANG_WARN_COMMA = YES;
				CLANG_WARN_CONSTANT_CONVERSION = YES;
				CLANG_WARN_DEPRECATED_OBJC_IMPLEMENTATIONS = YES;
				CLANG_WARN_DIRECT_OBJC_ISA_USAGE = YES_ERROR;
				CLANG_WARN_DOCUMENTATION_COMMENTS = YES;
				CLANG_WARN_EMPTY_BODY = YES;
				CLANG_WARN_ENUM_CONVERSION = YES;
				CLANG_WARN_INFINITE_RECURSION = YES;
				CLANG_WARN_INT_CONVERSION = YES;
				CLANG_WARN_NON_LITERAL_NULL_CONVERSION = YES;
				CLANG_WARN_OBJC_IMPLICIT_RETAIN_SELF = YES;
				CLANG_WARN_OBJC_LITERAL_CONVERSION = YES;
				CLANG_WARN_OBJC_ROOT_CLASS = YES_ERROR;
				CLANG_WARN_QUOTED_INCLUDE_IN_FRAMEWORK_HEADER = YES;
				CLANG_WARN_RANGE_LOOP_ANALYSIS = YES;
				CLANG_WARN_STRICT_PROTOTYPES = YES;
				CLANG_WARN_SUSPICIOUS_MOVE = YES;
				CLANG_WARN_UNGUARDED_AVAILABILITY = YES_AGGRESSIVE;
				CLANG_WARN_UNREACHABLE_CODE = YES;
				CLANG_WARN__DUPLICATE_METHOD_MATCH = YES;
				COPY_PHASE_STRIP = NO;
				DEBUG_INFORMATION_FORMAT = dwarf;
				ENABLE_STRICT_OBJC_MSGSEND = YES;
				ENABLE_TESTABILITY = YES;
				GCC_C_LANGUAGE_STANDARD = gnu11;
				GCC_DYNAMIC_NO_PIC = NO;
				GCC_NO_COMMON_BLOCKS = YES;
				GCC_OPTIMIZATION_LEVEL = 0;
				GCC_PREPROCESSOR_DEFINITIONS = (
					"DEBUG=1",
					"$(inherited)",
				);
				GCC_WARN_64_TO_32_BIT_CONVERSION = YES;
				GCC_WARN_ABOUT_RETURN_TYPE = YES_ERROR;
				GCC_WARN_UNDECLARED_SELECTOR = YES;
				GCC_WARN_UNINITIALIZED_AUTOS = YES_AGGRESSIVE;
				GCC_WARN_UNUSED_FUNCTION = YES;
				GCC_WARN_UNUSED_VARIABLE = YES;
				IPHONEOS_DEPLOYMENT_TARGET = 14.1;
				MTL_ENABLE_DEBUG_INFO = INCLUDE_SOURCE;
				MTL_FAST_MATH = YES;
				ONLY_ACTIVE_ARCH = YES;
				SDKROOT = iphoneos;
				SWIFT_ACTIVE_COMPILATION_CONDITIONS = DEBUG;
				SWIFT_OPTIMIZATION_LEVEL = "-Onone";
			};
			name = Debug;
		};
		873CE1BD25D7A85F0007E066 /* Release */ = {
			isa = XCBuildConfiguration;
			buildSettings = {
				ALWAYS_SEARCH_USER_PATHS = NO;
				CLANG_ANALYZER_NONNULL = YES;
				CLANG_ANALYZER_NUMBER_OBJECT_CONVERSION = YES_AGGRESSIVE;
				CLANG_CXX_LANGUAGE_STANDARD = "gnu++14";
				CLANG_CXX_LIBRARY = "libc++";
				CLANG_ENABLE_MODULES = YES;
				CLANG_ENABLE_OBJC_ARC = YES;
				CLANG_ENABLE_OBJC_WEAK = YES;
				CLANG_WARN_BLOCK_CAPTURE_AUTORELEASING = YES;
				CLANG_WARN_BOOL_CONVERSION = YES;
				CLANG_WARN_COMMA = YES;
				CLANG_WARN_CONSTANT_CONVERSION = YES;
				CLANG_WARN_DEPRECATED_OBJC_IMPLEMENTATIONS = YES;
				CLANG_WARN_DIRECT_OBJC_ISA_USAGE = YES_ERROR;
				CLANG_WARN_DOCUMENTATION_COMMENTS = YES;
				CLANG_WARN_EMPTY_BODY = YES;
				CLANG_WARN_ENUM_CONVERSION = YES;
				CLANG_WARN_INFINITE_RECURSION = YES;
				CLANG_WARN_INT_CONVERSION = YES;
				CLANG_WARN_NON_LITERAL_NULL_CONVERSION = YES;
				CLANG_WARN_OBJC_IMPLICIT_RETAIN_SELF = YES;
				CLANG_WARN_OBJC_LITERAL_CONVERSION = YES;
				CLANG_WARN_OBJC_ROOT_CLASS = YES_ERROR;
				CLANG_WARN_QUOTED_INCLUDE_IN_FRAMEWORK_HEADER = YES;
				CLANG_WARN_RANGE_LOOP_ANALYSIS = YES;
				CLANG_WARN_STRICT_PROTOTYPES = YES;
				CLANG_WARN_SUSPICIOUS_MOVE = YES;
				CLANG_WARN_UNGUARDED_AVAILABILITY = YES_AGGRESSIVE;
				CLANG_WARN_UNREACHABLE_CODE = YES;
				CLANG_WARN__DUPLICATE_METHOD_MATCH = YES;
				COPY_PHASE_STRIP = NO;
				DEBUG_INFORMATION_FORMAT = "dwarf-with-dsym";
				ENABLE_NS_ASSERTIONS = NO;
				ENABLE_STRICT_OBJC_MSGSEND = YES;
				GCC_C_LANGUAGE_STANDARD = gnu11;
				GCC_NO_COMMON_BLOCKS = YES;
				GCC_WARN_64_TO_32_BIT_CONVERSION = YES;
				GCC_WARN_ABOUT_RETURN_TYPE = YES_ERROR;
				GCC_WARN_UNDECLARED_SELECTOR = YES;
				GCC_WARN_UNINITIALIZED_AUTOS = YES_AGGRESSIVE;
				GCC_WARN_UNUSED_FUNCTION = YES;
				GCC_WARN_UNUSED_VARIABLE = YES;
				IPHONEOS_DEPLOYMENT_TARGET = 14.1;
				MTL_ENABLE_DEBUG_INFO = NO;
				MTL_FAST_MATH = YES;
				SDKROOT = iphoneos;
				SWIFT_COMPILATION_MODE = wholemodule;
				SWIFT_OPTIMIZATION_LEVEL = "-O";
				VALIDATE_PRODUCT = YES;
			};
			name = Release;
		};
		873CE1BF25D7A85F0007E066 /* Debug */ = {
			isa = XCBuildConfiguration;
			baseConfigurationReference = 3625DC80AF09459E7F84F67E /* Pods-Ne Angime?.debug.xcconfig */;
			buildSettings = {
				ASSETCATALOG_COMPILER_APPICON_NAME = AppIcon;
				ASSETCATALOG_COMPILER_GLOBAL_ACCENT_COLOR_NAME = AccentColor;
				CODE_SIGN_STYLE = Automatic;
				DEVELOPMENT_TEAM = JSZXX25TGQ;
				INFOPLIST_FILE = "Ne Angime?/Info.plist";
				IPHONEOS_DEPLOYMENT_TARGET = 13.0;
				LD_RUNPATH_SEARCH_PATHS = (
					"$(inherited)",
					"@executable_path/Frameworks",
				);
				PRODUCT_BUNDLE_IDENTIFIER = "Kenes-Industries.Ne-Angime-";
				PRODUCT_NAME = "$(TARGET_NAME)";
				SWIFT_VERSION = 5.0;
				TARGETED_DEVICE_FAMILY = "1,2";
			};
			name = Debug;
		};
		873CE1C025D7A85F0007E066 /* Release */ = {
			isa = XCBuildConfiguration;
			baseConfigurationReference = 155414FA4BF097D262C7CD5F /* Pods-Ne Angime?.release.xcconfig */;
			buildSettings = {
				ASSETCATALOG_COMPILER_APPICON_NAME = AppIcon;
				ASSETCATALOG_COMPILER_GLOBAL_ACCENT_COLOR_NAME = AccentColor;
				CODE_SIGN_STYLE = Automatic;
				DEVELOPMENT_TEAM = JSZXX25TGQ;
				INFOPLIST_FILE = "Ne Angime?/Info.plist";
				IPHONEOS_DEPLOYMENT_TARGET = 13.0;
				LD_RUNPATH_SEARCH_PATHS = (
					"$(inherited)",
					"@executable_path/Frameworks",
				);
				PRODUCT_BUNDLE_IDENTIFIER = "Kenes-Industries.Ne-Angime-";
				PRODUCT_NAME = "$(TARGET_NAME)";
				SWIFT_VERSION = 5.0;
				TARGETED_DEVICE_FAMILY = "1,2";
			};
			name = Release;
		};
		873CE1C225D7A85F0007E066 /* Debug */ = {
			isa = XCBuildConfiguration;
			baseConfigurationReference = B67827AEF373D204B17B7813 /* Pods-Ne Angime?Tests.debug.xcconfig */;
			buildSettings = {
				ALWAYS_EMBED_SWIFT_STANDARD_LIBRARIES = YES;
				BUNDLE_LOADER = "$(TEST_HOST)";
				CODE_SIGN_STYLE = Automatic;
				DEVELOPMENT_TEAM = JSZXX25TGQ;
				INFOPLIST_FILE = "Ne Angime?Tests/Info.plist";
				IPHONEOS_DEPLOYMENT_TARGET = 14.1;
				LD_RUNPATH_SEARCH_PATHS = (
					"$(inherited)",
					"@executable_path/Frameworks",
					"@loader_path/Frameworks",
				);
				PRODUCT_BUNDLE_IDENTIFIER = "Kenes-Industries.Ne-Angime-Tests";
				PRODUCT_NAME = "$(TARGET_NAME)";
				SWIFT_VERSION = 5.0;
				TARGETED_DEVICE_FAMILY = "1,2";
				TEST_HOST = "$(BUILT_PRODUCTS_DIR)/Ne Angime?.app/Ne Angime?";
			};
			name = Debug;
		};
		873CE1C325D7A85F0007E066 /* Release */ = {
			isa = XCBuildConfiguration;
			baseConfigurationReference = BC954D28220E3E17F873F45B /* Pods-Ne Angime?Tests.release.xcconfig */;
			buildSettings = {
				ALWAYS_EMBED_SWIFT_STANDARD_LIBRARIES = YES;
				BUNDLE_LOADER = "$(TEST_HOST)";
				CODE_SIGN_STYLE = Automatic;
				DEVELOPMENT_TEAM = JSZXX25TGQ;
				INFOPLIST_FILE = "Ne Angime?Tests/Info.plist";
				IPHONEOS_DEPLOYMENT_TARGET = 14.1;
				LD_RUNPATH_SEARCH_PATHS = (
					"$(inherited)",
					"@executable_path/Frameworks",
					"@loader_path/Frameworks",
				);
				PRODUCT_BUNDLE_IDENTIFIER = "Kenes-Industries.Ne-Angime-Tests";
				PRODUCT_NAME = "$(TARGET_NAME)";
				SWIFT_VERSION = 5.0;
				TARGETED_DEVICE_FAMILY = "1,2";
				TEST_HOST = "$(BUILT_PRODUCTS_DIR)/Ne Angime?.app/Ne Angime?";
			};
			name = Release;
		};
		873CE1C525D7A85F0007E066 /* Debug */ = {
			isa = XCBuildConfiguration;
			baseConfigurationReference = C5594701988A168B467465CB /* Pods-Ne Angime?-Ne Angime?UITests.debug.xcconfig */;
			buildSettings = {
				ALWAYS_EMBED_SWIFT_STANDARD_LIBRARIES = YES;
				CODE_SIGN_STYLE = Automatic;
				DEVELOPMENT_TEAM = JSZXX25TGQ;
				INFOPLIST_FILE = "Ne Angime?UITests/Info.plist";
				LD_RUNPATH_SEARCH_PATHS = (
					"$(inherited)",
					"@executable_path/Frameworks",
					"@loader_path/Frameworks",
				);
				PRODUCT_BUNDLE_IDENTIFIER = "Kenes-Industries.Ne-Angime-UITests";
				PRODUCT_NAME = "$(TARGET_NAME)";
				SWIFT_VERSION = 5.0;
				TARGETED_DEVICE_FAMILY = "1,2";
				TEST_TARGET_NAME = "Ne Angime?";
			};
			name = Debug;
		};
		873CE1C625D7A85F0007E066 /* Release */ = {
			isa = XCBuildConfiguration;
			baseConfigurationReference = A8D45F3542CC0CA1A385586F /* Pods-Ne Angime?-Ne Angime?UITests.release.xcconfig */;
			buildSettings = {
				ALWAYS_EMBED_SWIFT_STANDARD_LIBRARIES = YES;
				CODE_SIGN_STYLE = Automatic;
				DEVELOPMENT_TEAM = JSZXX25TGQ;
				INFOPLIST_FILE = "Ne Angime?UITests/Info.plist";
				LD_RUNPATH_SEARCH_PATHS = (
					"$(inherited)",
					"@executable_path/Frameworks",
					"@loader_path/Frameworks",
				);
				PRODUCT_BUNDLE_IDENTIFIER = "Kenes-Industries.Ne-Angime-UITests";
				PRODUCT_NAME = "$(TARGET_NAME)";
				SWIFT_VERSION = 5.0;
				TARGETED_DEVICE_FAMILY = "1,2";
				TEST_TARGET_NAME = "Ne Angime?";
			};
			name = Release;
		};
/* End XCBuildConfiguration section */

/* Begin XCConfigurationList section */
		873CE18F25D7A85E0007E066 /* Build configuration list for PBXProject "Ne Angime?" */ = {
			isa = XCConfigurationList;
			buildConfigurations = (
				873CE1BC25D7A85F0007E066 /* Debug */,
				873CE1BD25D7A85F0007E066 /* Release */,
			);
			defaultConfigurationIsVisible = 0;
			defaultConfigurationName = Release;
		};
		873CE1BE25D7A85F0007E066 /* Build configuration list for PBXNativeTarget "Ne Angime?" */ = {
			isa = XCConfigurationList;
			buildConfigurations = (
				873CE1BF25D7A85F0007E066 /* Debug */,
				873CE1C025D7A85F0007E066 /* Release */,
			);
			defaultConfigurationIsVisible = 0;
			defaultConfigurationName = Release;
		};
		873CE1C125D7A85F0007E066 /* Build configuration list for PBXNativeTarget "Ne Angime?Tests" */ = {
			isa = XCConfigurationList;
			buildConfigurations = (
				873CE1C225D7A85F0007E066 /* Debug */,
				873CE1C325D7A85F0007E066 /* Release */,
			);
			defaultConfigurationIsVisible = 0;
			defaultConfigurationName = Release;
		};
		873CE1C425D7A85F0007E066 /* Build configuration list for PBXNativeTarget "Ne Angime?UITests" */ = {
			isa = XCConfigurationList;
			buildConfigurations = (
				873CE1C525D7A85F0007E066 /* Debug */,
				873CE1C625D7A85F0007E066 /* Release */,
			);
			defaultConfigurationIsVisible = 0;
			defaultConfigurationName = Release;
		};
/* End XCConfigurationList section */

/* Begin XCVersionGroup section */
		879BF3E625DEF012006B40A2 /* Model.xcdatamodeld */ = {
			isa = XCVersionGroup;
			children = (
				879BF3E725DEF012006B40A2 /* Model.xcdatamodel */,
			);
			currentVersion = 879BF3E725DEF012006B40A2 /* Model.xcdatamodel */;
			path = Model.xcdatamodeld;
			sourceTree = "<group>";
			versionGroupType = wrapper.xcdatamodel;
		};
/* End XCVersionGroup section */
	};
	rootObject = 873CE18C25D7A85E0007E066 /* Project object */;
}
